
Microsoft Visual Studio Solution File, Format Version 12.00
# Visual Studio 14
VisualStudioVersion = 14.0.24720.0
MinimumVisualStudioVersion = 10.0.40219.1
Project("{FAE04EC0-301F-11D3-BF4B-00C04F79EFBC}") = "PromptrAddIn", "PromptrAddIn\PromptrAddIn.csproj", "{5C518F15-C915-43B4-B874-2A9B4D097425}"
EndProject
Project("{FAE04EC0-301F-11D3-BF4B-00C04F79EFBC}") = "PromptrLibTests", "PromptrLibTests\PromptrLibTests.csproj", "{01F82BB5-CECF-4F77-905A-378BEDB729A4}"
EndProject
Project("{FAE04EC0-301F-11D3-BF4B-00C04F79EFBC}") = "TempoMeasurer", "TempoMeasurer\TempoMeasurer.csproj", "{979C7DE0-6901-4AD7-B200-4D0E600B76AE}"
EndProject
Project("{FAE04EC0-301F-11D3-BF4B-00C04F79EFBC}") = "PromptrLib", "PromptrConnector\PromptrLib.csproj", "{7DD47011-F01B-41CF-A6CD-8A35450FB2CF}"
EndProject
Global
	GlobalSection(SolutionConfigurationPlatforms) = preSolution
		CI|Any CPU = CI|Any CPU
		CI|ARM = CI|ARM
		CI|x64 = CI|x64
		CI|x86 = CI|x86
		Debug|Any CPU = Debug|Any CPU
		Debug|ARM = Debug|ARM
		Debug|x64 = Debug|x64
		Debug|x86 = Debug|x86
		Release|Any CPU = Release|Any CPU
		Release|ARM = Release|ARM
		Release|x64 = Release|x64
		Release|x86 = Release|x86
	EndGlobalSection
	GlobalSection(ProjectConfigurationPlatforms) = postSolution
		{5C518F15-C915-43B4-B874-2A9B4D097425}.CI|Any CPU.ActiveCfg = Release|Any CPU
		{5C518F15-C915-43B4-B874-2A9B4D097425}.CI|Any CPU.Build.0 = Release|Any CPU
		{5C518F15-C915-43B4-B874-2A9B4D097425}.CI|ARM.ActiveCfg = Debug|Any CPU
		{5C518F15-C915-43B4-B874-2A9B4D097425}.CI|ARM.Build.0 = Debug|Any CPU
		{5C518F15-C915-43B4-B874-2A9B4D097425}.CI|x64.ActiveCfg = Debug|Any CPU
		{5C518F15-C915-43B4-B874-2A9B4D097425}.CI|x64.Build.0 = Debug|Any CPU
		{5C518F15-C915-43B4-B874-2A9B4D097425}.CI|x86.ActiveCfg = Debug|Any CPU
		{5C518F15-C915-43B4-B874-2A9B4D097425}.CI|x86.Build.0 = Debug|Any CPU
		{5C518F15-C915-43B4-B874-2A9B4D097425}.Debug|Any CPU.ActiveCfg = Debug|Any CPU
		{5C518F15-C915-43B4-B874-2A9B4D097425}.Debug|Any CPU.Build.0 = Debug|Any CPU
		{5C518F15-C915-43B4-B874-2A9B4D097425}.Debug|ARM.ActiveCfg = Debug|Any CPU
		{5C518F15-C915-43B4-B874-2A9B4D097425}.Debug|ARM.Build.0 = Debug|Any CPU
		{5C518F15-C915-43B4-B874-2A9B4D097425}.Debug|x64.ActiveCfg = Debug|Any CPU
		{5C518F15-C915-43B4-B874-2A9B4D097425}.Debug|x64.Build.0 = Debug|Any CPU
		{5C518F15-C915-43B4-B874-2A9B4D097425}.Debug|x86.ActiveCfg = Debug|Any CPU
		{5C518F15-C915-43B4-B874-2A9B4D097425}.Debug|x86.Build.0 = Debug|Any CPU
		{5C518F15-C915-43B4-B874-2A9B4D097425}.Release|Any CPU.ActiveCfg = Release|Any CPU
		{5C518F15-C915-43B4-B874-2A9B4D097425}.Release|Any CPU.Build.0 = Release|Any CPU
		{5C518F15-C915-43B4-B874-2A9B4D097425}.Release|ARM.ActiveCfg = Release|Any CPU
		{5C518F15-C915-43B4-B874-2A9B4D097425}.Release|ARM.Build.0 = Release|Any CPU
		{5C518F15-C915-43B4-B874-2A9B4D097425}.Release|x64.ActiveCfg = Release|Any CPU
		{5C518F15-C915-43B4-B874-2A9B4D097425}.Release|x64.Build.0 = Release|Any CPU
		{5C518F15-C915-43B4-B874-2A9B4D097425}.Release|x86.ActiveCfg = Release|Any CPU
		{5C518F15-C915-43B4-B874-2A9B4D097425}.Release|x86.Build.0 = Release|Any CPU
		{01F82BB5-CECF-4F77-905A-378BEDB729A4}.CI|Any CPU.ActiveCfg = Release|Any CPU
		{01F82BB5-CECF-4F77-905A-378BEDB729A4}.CI|Any CPU.Build.0 = Release|Any CPU
		{01F82BB5-CECF-4F77-905A-378BEDB729A4}.CI|ARM.ActiveCfg = Debug|Any CPU
		{01F82BB5-CECF-4F77-905A-378BEDB729A4}.CI|ARM.Build.0 = Debug|Any CPU
		{01F82BB5-CECF-4F77-905A-378BEDB729A4}.CI|x64.ActiveCfg = Debug|Any CPU
		{01F82BB5-CECF-4F77-905A-378BEDB729A4}.CI|x64.Build.0 = Debug|Any CPU
		{01F82BB5-CECF-4F77-905A-378BEDB729A4}.CI|x86.ActiveCfg = Debug|Any CPU
		{01F82BB5-CECF-4F77-905A-378BEDB729A4}.CI|x86.Build.0 = Debug|Any CPU
		{01F82BB5-CECF-4F77-905A-378BEDB729A4}.Debug|Any CPU.ActiveCfg = Debug|Any CPU
		{01F82BB5-CECF-4F77-905A-378BEDB729A4}.Debug|Any CPU.Build.0 = Debug|Any CPU
		{01F82BB5-CECF-4F77-905A-378BEDB729A4}.Debug|ARM.ActiveCfg = Debug|Any CPU
		{01F82BB5-CECF-4F77-905A-378BEDB729A4}.Debug|ARM.Build.0 = Debug|Any CPU
		{01F82BB5-CECF-4F77-905A-378BEDB729A4}.Debug|x64.ActiveCfg = Debug|Any CPU
		{01F82BB5-CECF-4F77-905A-378BEDB729A4}.Debug|x64.Build.0 = Debug|Any CPU
		{01F82BB5-CECF-4F77-905A-378BEDB729A4}.Debug|x86.ActiveCfg = Debug|Any CPU
		{01F82BB5-CECF-4F77-905A-378BEDB729A4}.Debug|x86.Build.0 = Debug|Any CPU
		{01F82BB5-CECF-4F77-905A-378BEDB729A4}.Release|Any CPU.ActiveCfg = Release|Any CPU
		{01F82BB5-CECF-4F77-905A-378BEDB729A4}.Release|Any CPU.Build.0 = Release|Any CPU
		{01F82BB5-CECF-4F77-905A-378BEDB729A4}.Release|ARM.ActiveCfg = Release|Any CPU
		{01F82BB5-CECF-4F77-905A-378BEDB729A4}.Release|ARM.Build.0 = Release|Any CPU
		{01F82BB5-CECF-4F77-905A-378BEDB729A4}.Release|x64.ActiveCfg = Release|Any CPU
		{01F82BB5-CECF-4F77-905A-378BEDB729A4}.Release|x64.Build.0 = Release|Any CPU
		{01F82BB5-CECF-4F77-905A-378BEDB729A4}.Release|x86.ActiveCfg = Release|Any CPU
		{01F82BB5-CECF-4F77-905A-378BEDB729A4}.Release|x86.Build.0 = Release|Any CPU
		{979C7DE0-6901-4AD7-B200-4D0E600B76AE}.CI|Any CPU.ActiveCfg = Release|Any CPU
		{979C7DE0-6901-4AD7-B200-4D0E600B76AE}.CI|Any CPU.Build.0 = Release|Any CPU
		{979C7DE0-6901-4AD7-B200-4D0E600B76AE}.CI|Any CPU.Deploy.0 = Release|Any CPU
		{979C7DE0-6901-4AD7-B200-4D0E600B76AE}.CI|ARM.ActiveCfg = Release|Any CPU
		{979C7DE0-6901-4AD7-B200-4D0E600B76AE}.CI|ARM.Build.0 = Release|Any CPU
		{979C7DE0-6901-4AD7-B200-4D0E600B76AE}.CI|ARM.Deploy.0 = Release|Any CPU
		{979C7DE0-6901-4AD7-B200-4D0E600B76AE}.CI|x64.ActiveCfg = Release|Any CPU
		{979C7DE0-6901-4AD7-B200-4D0E600B76AE}.CI|x64.Build.0 = Release|Any CPU
		{979C7DE0-6901-4AD7-B200-4D0E600B76AE}.CI|x64.Deploy.0 = Release|Any CPU
		{979C7DE0-6901-4AD7-B200-4D0E600B76AE}.CI|x86.ActiveCfg = Release|Any CPU
		{979C7DE0-6901-4AD7-B200-4D0E600B76AE}.CI|x86.Build.0 = Release|Any CPU
		{979C7DE0-6901-4AD7-B200-4D0E600B76AE}.CI|x86.Deploy.0 = Release|Any CPU
		{979C7DE0-6901-4AD7-B200-4D0E600B76AE}.Debug|Any CPU.ActiveCfg = Debug|Any CPU
		{979C7DE0-6901-4AD7-B200-4D0E600B76AE}.Debug|Any CPU.Build.0 = Debug|Any CPU
		{979C7DE0-6901-4AD7-B200-4D0E600B76AE}.Debug|Any CPU.Deploy.0 = Debug|Any CPU
		{979C7DE0-6901-4AD7-B200-4D0E600B76AE}.Debug|ARM.ActiveCfg = Debug|Any CPU
		{979C7DE0-6901-4AD7-B200-4D0E600B76AE}.Debug|ARM.Build.0 = Debug|Any CPU
		{979C7DE0-6901-4AD7-B200-4D0E600B76AE}.Debug|ARM.Deploy.0 = Debug|Any CPU
		{979C7DE0-6901-4AD7-B200-4D0E600B76AE}.Debug|x64.ActiveCfg = Debug|Any CPU
		{979C7DE0-6901-4AD7-B200-4D0E600B76AE}.Debug|x64.Build.0 = Debug|Any CPU
		{979C7DE0-6901-4AD7-B200-4D0E600B76AE}.Debug|x64.Deploy.0 = Debug|Any CPU
		{979C7DE0-6901-4AD7-B200-4D0E600B76AE}.Debug|x86.ActiveCfg = Debug|Any CPU
		{979C7DE0-6901-4AD7-B200-4D0E600B76AE}.Debug|x86.Build.0 = Debug|Any CPU
		{979C7DE0-6901-4AD7-B200-4D0E600B76AE}.Debug|x86.Deploy.0 = Debug|Any CPU
		{979C7DE0-6901-4AD7-B200-4D0E600B76AE}.Release|Any CPU.ActiveCfg = Release|Any CPU
		{979C7DE0-6901-4AD7-B200-4D0E600B76AE}.Release|Any CPU.Build.0 = Release|Any CPU
		{979C7DE0-6901-4AD7-B200-4D0E600B76AE}.Release|Any CPU.Deploy.0 = Release|Any CPU
		{979C7DE0-6901-4AD7-B200-4D0E600B76AE}.Release|ARM.ActiveCfg = Release|Any CPU
		{979C7DE0-6901-4AD7-B200-4D0E600B76AE}.Release|ARM.Build.0 = Release|Any CPU
		{979C7DE0-6901-4AD7-B200-4D0E600B76AE}.Release|ARM.Deploy.0 = Release|Any CPU
		{979C7DE0-6901-4AD7-B200-4D0E600B76AE}.Release|x64.ActiveCfg = Release|Any CPU
		{979C7DE0-6901-4AD7-B200-4D0E600B76AE}.Release|x64.Build.0 = Release|Any CPU
		{979C7DE0-6901-4AD7-B200-4D0E600B76AE}.Release|x64.Deploy.0 = Release|Any CPU
		{979C7DE0-6901-4AD7-B200-4D0E600B76AE}.Release|x86.ActiveCfg = Release|Any CPU
		{979C7DE0-6901-4AD7-B200-4D0E600B76AE}.Release|x86.Build.0 = Release|Any CPU
		{979C7DE0-6901-4AD7-B200-4D0E600B76AE}.Release|x86.Deploy.0 = Release|Any CPU
		{7DD47011-F01B-41CF-A6CD-8A35450FB2CF}.CI|Any CPU.ActiveCfg = Release|Any CPU
		{7DD47011-F01B-41CF-A6CD-8A35450FB2CF}.CI|Any CPU.Build.0 = Release|Any CPU
		{7DD47011-F01B-41CF-A6CD-8A35450FB2CF}.CI|ARM.ActiveCfg = Release|Any CPU
		{7DD47011-F01B-41CF-A6CD-8A35450FB2CF}.CI|ARM.Build.0 = Release|Any CPU
		{7DD47011-F01B-41CF-A6CD-8A35450FB2CF}.CI|x64.ActiveCfg = Release|Any CPU
		{7DD47011-F01B-41CF-A6CD-8A35450FB2CF}.CI|x64.Build.0 = Release|Any CPU
		{7DD47011-F01B-41CF-A6CD-8A35450FB2CF}.CI|x86.ActiveCfg = Release|Any CPU
		{7DD47011-F01B-41CF-A6CD-8A35450FB2CF}.CI|x86.Build.0 = Release|Any CPU
		{7DD47011-F01B-41CF-A6CD-8A35450FB2CF}.Debug|Any CPU.ActiveCfg = Debug|Any CPU
		{7DD47011-F01B-41CF-A6CD-8A35450FB2CF}.Debug|Any CPU.Build.0 = Debug|Any CPU
		{7DD47011-F01B-41CF-A6CD-8A35450FB2CF}.Debug|ARM.ActiveCfg = Debug|Any CPU
		{7DD47011-F01B-41CF-A6CD-8A35450FB2CF}.Debug|ARM.Build.0 = Debug|Any CPU
		{7DD47011-F01B-41CF-A6CD-8A35450FB2CF}.Debug|x64.ActiveCfg = Debug|Any CPU
		{7DD47011-F01B-41CF-A6CD-8A35450FB2CF}.Debug|x64.Build.0 = Debug|Any CPU
		{7DD47011-F01B-41CF-A6CD-8A35450FB2CF}.Debug|x86.ActiveCfg = Debug|Any CPU
		{7DD47011-F01B-41CF-A6CD-8A35450FB2CF}.Debug|x86.Build.0 = Debug|Any CPU
		{7DD47011-F01B-41CF-A6CD-8A35450FB2CF}.Release|Any CPU.ActiveCfg = Release|Any CPU
		{7DD47011-F01B-41CF-A6CD-8A35450FB2CF}.Release|Any CPU.Build.0 = Release|Any CPU
		{7DD47011-F01B-41CF-A6CD-8A35450FB2CF}.Release|ARM.ActiveCfg = Release|Any CPU
		{7DD47011-F01B-41CF-A6CD-8A35450FB2CF}.Release|ARM.Build.0 = Release|Any CPU
		{7DD47011-F01B-41CF-A6CD-8A35450FB2CF}.Release|x64.ActiveCfg = Release|Any CPU
		{7DD47011-F01B-41CF-A6CD-8A35450FB2CF}.Release|x64.Build.0 = Release|Any CPU
		{7DD47011-F01B-41CF-A6CD-8A35450FB2CF}.Release|x86.ActiveCfg = Release|Any CPU
		{7DD47011-F01B-41CF-A6CD-8A35450FB2CF}.Release|x86.Build.0 = Release|Any CPU
	EndGlobalSection
	GlobalSection(SolutionProperties) = preSolution
		HideSolutionNode = FALSE
	EndGlobalSection
EndGlobal
